
Microsoft Visual Studio Solution File, Format Version 12.00
# Visual Studio Version 17
VisualStudioVersion = 17.9.34701.34
MinimumVisualStudioVersion = 10.0.40219.1
Project("{FAE04EC0-301F-11D3-BF4B-00C04F79EFBC}") = "Solution", "Solution\Solution.csproj", "{B63822FE-2418-4027-A864-400548A903DA}"
EndProject
Global
	GlobalSection(SolutionConfigurationPlatforms) = preSolution
		Debug|Any CPU = Debug|Any CPU
		Release|Any CPU = Release|Any CPU
	EndGlobalSection
	GlobalSection(ProjectConfigurationPlatforms) = postSolution
		{B63822FE-2418-4027-A864-400548A903DA}.Debug|Any CPU.ActiveCfg = Debug|Any CPU
		{B63822FE-2418-4027-A864-400548A903DA}.Debug|Any CPU.Build.0 = Debug|Any CPU
		{B63822FE-2418-4027-A864-400548A903DA}.Release|Any CPU.ActiveCfg = Release|Any CPU
		{B63822FE-2418-4027-A864-400548A903DA}.Release|Any CPU.Build.0 = Release|Any CPU
	EndGlobalSection
	GlobalSection(SolutionProperties) = preSolution
		HideSolutionNode = FALSE
	EndGlobalSection
	GlobalSection(ExtensibilityGlobals) = postSolution
		SolutionGuid = {D1C99F3B-E817-470B-B117-FFABD9B4F7F9}
	EndGlobalSection
EndGlobal
